
Microsoft Visual Studio Solution File, Format Version 12.00
# Visual Studio Version 17
VisualStudioVersion = 17.14.36705.20
MinimumVisualStudioVersion = 10.0.40219.1
Project("{8BC9CEB8-8B4A-11D0-8D11-00A0C91BC942}") = "cronus", "cronus\cronus.vcxproj", "{75E1C880-3D8E-41D8-B3FA-B0A026F7D7C2}"
EndProject
Project("{8BC9CEB8-8B4A-11D0-8D11-00A0C91BC942}") = "common", "common\common.vcxproj", "{7642632D-65FC-4E09-9D94-18490577F10D}"
EndProject
Global
	GlobalSection(SolutionConfigurationPlatforms) = preSolution
		Debug|x64 = Debug|x64
		Debug|x86 = Debug|x86
		Release|x64 = Release|x64
		Release|x86 = Release|x86
	EndGlobalSection
	GlobalSection(ProjectConfigurationPlatforms) = postSolution
		{75E1C880-3D8E-41D8-B3FA-B0A026F7D7C2}.Debug|x64.ActiveCfg = Debug|x64
		{75E1C880-3D8E-41D8-B3FA-B0A026F7D7C2}.Debug|x64.Build.0 = Debug|x64
		{75E1C880-3D8E-41D8-B3FA-B0A026F7D7C2}.Debug|x86.ActiveCfg = Debug|Win32
		{75E1C880-3D8E-41D8-B3FA-B0A026F7D7C2}.Debug|x86.Build.0 = Debug|Win32
		{75E1C880-3D8E-41D8-B3FA-B0A026F7D7C2}.Release|x64.ActiveCfg = Release|x64
		{75E1C880-3D8E-41D8-B3FA-B0A026F7D7C2}.Release|x64.Build.0 = Release|x64
		{75E1C880-3D8E-41D8-B3FA-B0A026F7D7C2}.Release|x86.ActiveCfg = Release|Win32
		{75E1C880-3D8E-41D8-B3FA-B0A026F7D7C2}.Release|x86.Build.0 = Release|Win32
		{7642632D-65FC-4E09-9D94-18490577F10D}.Debug|x64.ActiveCfg = Debug|x64
		{7642632D-65FC-4E09-9D94-18490577F10D}.Debug|x64.Build.0 = Debug|x64
		{7642632D-65FC-4E09-9D94-18490577F10D}.Debug|x86.ActiveCfg = Debug|Win32
		{7642632D-65FC-4E09-9D94-18490577F10D}.Debug|x86.Build.0 = Debug|Win32
		{7642632D-65FC-4E09-9D94-18490577F10D}.Release|x64.ActiveCfg = Release|x64
		{7642632D-65FC-4E09-9D94-18490577F10D}.Release|x64.Build.0 = Release|x64
		{7642632D-65FC-4E09-9D94-18490577F10D}.Release|x86.ActiveCfg = Release|Win32
		{7642632D-65FC-4E09-9D94-18490577F10D}.Release|x86.Build.0 = Release|Win32
	EndGlobalSection
	GlobalSection(SolutionProperties) = preSolution
		HideSolutionNode = FALSE
	EndGlobalSection
	GlobalSection(ExtensibilityGlobals) = postSolution
		SolutionGuid = {B94EA604-513D-4293-BC9E-86D32082E63A}
	EndGlobalSection
EndGlobal
